Microsoft Visual Studio Solution File, Format Version 12.00
# Visual Studio Version 17
VisualStudioVersion = 17.5.2.0
MinimumVisualStudioVersion = 10.0.40219.1
Project("{FAE04EC0-301F-11D3-BF4B-00C04F79EFBC}") = "RemoveDocxMetadataUI", "RemoveDocxMetadataUI.csproj", "{2ED8F3C0-7026-4462-5C7E-08E661E855AC}"
EndProject
Global
	GlobalSection(SolutionConfigurationPlatforms) = preSolution
		Debug|Any CPU = Debug|Any CPU
		Release|Any CPU = Release|Any CPU
	EndGlobalSection
	GlobalSection(ProjectConfigurationPlatforms) = postSolution
		{2ED8F3C0-7026-4462-5C7E-08E661E855AC}.Debug|Any CPU.ActiveCfg = Debug|Any CPU
		{2ED8F3C0-7026-4462-5C7E-08E661E855AC}.Debug|Any CPU.Build.0 = Debug|Any CPU
		{2ED8F3C0-7026-4462-5C7E-08E661E855AC}.Release|Any CPU.ActiveCfg = Release|Any CPU
		{2ED8F3C0-7026-4462-5C7E-08E661E855AC}.Release|Any CPU.Build.0 = Release|Any CPU
	EndGlobalSection
	GlobalSection(SolutionProperties) = preSolution
		HideSolutionNode = FALSE
	EndGlobalSection
	GlobalSection(ExtensibilityGlobals) = postSolution
		SolutionGuid = {583ED337-1ED7-4877-9D57-9A51079941FB}
	EndGlobalSection
EndGlobal
